// !$*UTF8*$!
{
	archiveVersion = 1;
	classes = {
	};
	objectVersion = 51;
	objects = {

/* Begin PBXBuildFile section */
		3E0A04C426D758DB00061809 /* FellowCardCell.swift in Sources */ = {isa = PBXBuildFile; fileRef = 3E0A04C326D758DB00061809 /* FellowCardCell.swift */; };
		3E0A04C926D758F500061809 /* StaffCardCell.swift in Sources */ = {isa = PBXBuildFile; fileRef = 3E0A04C826D758F500061809 /* StaffCardCell.swift */; };
		3E0A04D726D8032F00061809 /* HeaderView.swift in Sources */ = {isa = PBXBuildFile; fileRef = 3E0A04D626D8032F00061809 /* HeaderView.swift */; };
		3E0A04E426D9715B00061809 /* BannerView.swift in Sources */ = {isa = PBXBuildFile; fileRef = 3E0A04E326D9715B00061809 /* BannerView.swift */; };
		3E0AB1D426D42B280005FAE5 /* ScoreCard.swift in Sources */ = {isa = PBXBuildFile; fileRef = 3E0AB1D326D42B280005FAE5 /* ScoreCard.swift */; };
		3E0AB1D926D42B400005FAE5 /* User.swift in Sources */ = {isa = PBXBuildFile; fileRef = 3E0AB1D826D42B400005FAE5 /* User.swift */; };
		3E0AB1E426D42CA80005FAE5 /* AppError.swift in Sources */ = {isa = PBXBuildFile; fileRef = 3E0AB1E326D42CA80005FAE5 /* AppError.swift */; };
		3E0AB1E926D42CB90005FAE5 /* NetworkHelper.swift in Sources */ = {isa = PBXBuildFile; fileRef = 3E0AB1E826D42CB90005FAE5 /* NetworkHelper.swift */; };
		3E0AB1EF26D42CFC0005FAE5 /* CWTAPIClient.swift in Sources */ = {isa = PBXBuildFile; fileRef = 3E0AB1EE26D42CFC0005FAE5 /* CWTAPIClient.swift */; };
		3E0AB20026D477A20005FAE5 /* IdUser.swift in Sources */ = {isa = PBXBuildFile; fileRef = 3E0AB1FF26D477A20005FAE5 /* IdUser.swift */; };
		3E6AB7EF26CC5ED000DF9A11 /* AppDelegate.swift in Sources */ = {isa = PBXBuildFile; fileRef = 3E6AB7EE26CC5ED000DF9A11 /* AppDelegate.swift */; };
		3E6AB7F126CC5ED000DF9A11 /* SceneDelegate.swift in Sources */ = {isa = PBXBuildFile; fileRef = 3E6AB7F026CC5ED000DF9A11 /* SceneDelegate.swift */; };
		3E6AB7F326CC5ED000DF9A11 /* ScoreCardViewController.swift in Sources */ = {isa = PBXBuildFile; fileRef = 3E6AB7F226CC5ED000DF9A11 /* ScoreCardViewController.swift */; };
		3E6AB7F826CC5ED400DF9A11 /* Assets.xcassets in Resources */ = {isa = PBXBuildFile; fileRef = 3E6AB7F726CC5ED400DF9A11 /* Assets.xcassets */; };
		3E6AB7FB26CC5ED400DF9A11 /* LaunchScreen.storyboard in Resources */ = {isa = PBXBuildFile; fileRef = 3E6AB7F926CC5ED400DF9A11 /* LaunchScreen.storyboard */; };
		3E6AB80626CC5ED500DF9A11 /* CodeWarsTrackerTests.swift in Sources */ = {isa = PBXBuildFile; fileRef = 3E6AB80526CC5ED500DF9A11 /* CodeWarsTrackerTests.swift */; };
		3E6AB81126CC5ED500DF9A11 /* CodeWarsTrackerUITests.swift in Sources */ = {isa = PBXBuildFile; fileRef = 3E6AB81026CC5ED500DF9A11 /* CodeWarsTrackerUITests.swift */; };
		5AA5EA4079A98C0C6B8D78E7 /* Pods_CodeWarsTracker_CodeWarsTrackerUITests.framework in Frameworks */ = {isa = PBXBuildFile; fileRef = 826B97D11E0033B29E59B4C0 /* Pods_CodeWarsTracker_CodeWarsTrackerUITests.framework */; };
		B775983A13030DA69261F975 /* Pods_CodeWarsTrackerTests.framework in Frameworks */ = {isa = PBXBuildFile; fileRef = 23638DD34A40959A9F790DAA /* Pods_CodeWarsTrackerTests.framework */; };
		E7AC46D31C8CCB1FD50959EF /* Pods_CodeWarsTracker.framework in Frameworks */ = {isa = PBXBuildFile; fileRef = D79EB3B7A37AF78B72AB46D1 /* Pods_CodeWarsTracker.framework */; };
		F110DB4526D5DBC8007BA3A3 /* ScoreCardView.swift in Sources */ = {isa = PBXBuildFile; fileRef = F110DB4426D5DBC8007BA3A3 /* ScoreCardView.swift */; };
		F124B7B826FEF0EA00799E84 /* SettingsView.swift in Sources */ = {isa = PBXBuildFile; fileRef = F124B7B726FEF0EA00799E84 /* SettingsView.swift */; };
		F124B7BA26FEF74F00799E84 /* SettingsViewController.swift in Sources */ = {isa = PBXBuildFile; fileRef = F124B7B926FEF74F00799E84 /* SettingsViewController.swift */; };
		F124B7BC26FEFAFF00799E84 /* SettingsModel.swift in Sources */ = {isa = PBXBuildFile; fileRef = F124B7BB26FEFAFF00799E84 /* SettingsModel.swift */; };
		F124B7BE26FF096600799E84 /* ThemePreviewsView.swift in Sources */ = {isa = PBXBuildFile; fileRef = F124B7BD26FF096600799E84 /* ThemePreviewsView.swift */; };
		F124B7C026FF0EAC00799E84 /* ThemeableUIElements.swift in Sources */ = {isa = PBXBuildFile; fileRef = F124B7BF26FF0EAC00799E84 /* ThemeableUIElements.swift */; };
		F124B7C226FF2A3B00799E84 /* ThemePreviewsViewController.swift in Sources */ = {isa = PBXBuildFile; fileRef = F124B7C126FF2A3B00799E84 /* ThemePreviewsViewController.swift */; };
		F124B7C626FF5D4100799E84 /* UINavigationController+.swift in Sources */ = {isa = PBXBuildFile; fileRef = F124B7C526FF5D4100799E84 /* UINavigationController+.swift */; };
		F12817B226EAD6E30068A55D /* FindPairingViewController.swift in Sources */ = {isa = PBXBuildFile; fileRef = F12817B126EAD6E30068A55D /* FindPairingViewController.swift */; };
		F12817B426EAD7060068A55D /* FindPairingView.swift in Sources */ = {isa = PBXBuildFile; fileRef = F12817B326EAD7060068A55D /* FindPairingView.swift */; };
		F12817B626EB060C0068A55D /* Volunteer.swift in Sources */ = {isa = PBXBuildFile; fileRef = F12817B526EB060C0068A55D /* Volunteer.swift */; };
		F12817BA26EC2E8A0068A55D /* UITableViewCell+.swift in Sources */ = {isa = PBXBuildFile; fileRef = F12817B926EC2E8A0068A55D /* UITableViewCell+.swift */; };
		F12817BC26EC5E4A0068A55D /* HowToPairView.swift in Sources */ = {isa = PBXBuildFile; fileRef = F12817BB26EC5E490068A55D /* HowToPairView.swift */; };
		F12817C026EC633E0068A55D /* HowToPairViewController.swift in Sources */ = {isa = PBXBuildFile; fileRef = F12817BF26EC633E0068A55D /* HowToPairViewController.swift */; };
		F13BA23426D6BCA2007780F2 /* NavBarViewController.swift in Sources */ = {isa = PBXBuildFile; fileRef = F13BA23326D6BCA2007780F2 /* NavBarViewController.swift */; };
		F13FAD4426E92D4C00E74C41 /* KeyboardHandlerView.swift in Sources */ = {isa = PBXBuildFile; fileRef = F13FAD4326E92D4C00E74C41 /* KeyboardHandlerView.swift */; };
		F13FAD4626E9372000E74C41 /* UIView+.swift in Sources */ = {isa = PBXBuildFile; fileRef = F13FAD4526E9372000E74C41 /* UIView+.swift */; };
		F14873F22723490400BBB4A5 /* Secrets.swift in Sources */ = {isa = PBXBuildFile; fileRef = F14873F12723490400BBB4A5 /* Secrets.swift */; };
		F1A00ADC26FA76990046E183 /* HowToUseView.swift in Sources */ = {isa = PBXBuildFile; fileRef = F1A00ADB26FA76990046E183 /* HowToUseView.swift */; };
		F1A00ADE26FA78040046E183 /* NSMutableAttributedString+.swift in Sources */ = {isa = PBXBuildFile; fileRef = F1A00ADD26FA78040046E183 /* NSMutableAttributedString+.swift */; };
		F1A00AE226FAB0970046E183 /* HowToUseViewController.swift in Sources */ = {isa = PBXBuildFile; fileRef = F1A00AE126FAB0970046E183 /* HowToUseViewController.swift */; };
		F1A00AE426FB0BB70046E183 /* UIImage+.swift in Sources */ = {isa = PBXBuildFile; fileRef = F1A00AE326FB0BB70046E183 /* UIImage+.swift */; };
		F1A00AE626FB0F110046E183 /* NSAttributedString+.swift in Sources */ = {isa = PBXBuildFile; fileRef = F1A00AE526FB0F110046E183 /* NSAttributedString+.swift */; };
		F1A00AEA26FB1D700046E183 /* PanZoomView.swift in Sources */ = {isa = PBXBuildFile; fileRef = F1A00AE926FB1D700046E183 /* PanZoomView.swift */; };
		F1A00AEC26FB2C600046E183 /* NSTextAttachment+.swift in Sources */ = {isa = PBXBuildFile; fileRef = F1A00AEB26FB2C600046E183 /* NSTextAttachment+.swift */; };
		F1A00AF026FB6CB30046E183 /* PursuitColors.swift in Sources */ = {isa = PBXBuildFile; fileRef = F1A00AEF26FB6CB30046E183 /* PursuitColors.swift */; };
		F1A00AF226FB7A780046E183 /* UIColor+.swift in Sources */ = {isa = PBXBuildFile; fileRef = F1A00AF126FB7A780046E183 /* UIColor+.swift */; };
		F1A00AF426FB828F0046E183 /* ThemeSettings.swift in Sources */ = {isa = PBXBuildFile; fileRef = F1A00AF326FB828F0046E183 /* ThemeSettings.swift */; };
		F1A00AF626FBB5360046E183 /* ThemeManager.swift in Sources */ = {isa = PBXBuildFile; fileRef = F1A00AF526FBB5360046E183 /* ThemeManager.swift */; };
		F1A5C0BC26E7011C00783A60 /* UIViewController+.swift in Sources */ = {isa = PBXBuildFile; fileRef = F1A5C0BB26E7011C00783A60 /* UIViewController+.swift */; };
		F1AF46A926D87F7F001F7327 /* CreateProfileViewController.swift in Sources */ = {isa = PBXBuildFile; fileRef = F1AF46A826D87F7F001F7327 /* CreateProfileViewController.swift */; };
		F1AF46AB26D87F9A001F7327 /* CreateProfileView.swift in Sources */ = {isa = PBXBuildFile; fileRef = F1AF46AA26D87F9A001F7327 /* CreateProfileView.swift */; };
		F1AF46AD26D8AF4B001F7327 /* UITextField+.swift in Sources */ = {isa = PBXBuildFile; fileRef = F1AF46AC26D8AF4B001F7327 /* UITextField+.swift */; };
		F1B3FB13272244C20099D4AF /* UserDefaultsManager.swift in Sources */ = {isa = PBXBuildFile; fileRef = F1B3FB12272244C20099D4AF /* UserDefaultsManager.swift */; };
/* End PBXBuildFile section */

/* Begin PBXContainerItemProxy section */
		3E6AB80226CC5ED500DF9A11 /* PBXContainerItemProxy */ = {
			isa = PBXContainerItemProxy;
			containerPortal = 3E6AB7E326CC5ECF00DF9A11 /* Project object */;
			proxyType = 1;
			remoteGlobalIDString = 3E6AB7EA26CC5ECF00DF9A11;
			remoteInfo = CodeWarsTracker;
		};
		3E6AB80D26CC5ED500DF9A11 /* PBXContainerItemProxy */ = {
			isa = PBXContainerItemProxy;
			containerPortal = 3E6AB7E326CC5ECF00DF9A11 /* Project object */;
			proxyType = 1;
			remoteGlobalIDString = 3E6AB7EA26CC5ECF00DF9A11;
			remoteInfo = CodeWarsTracker;
		};
/* End PBXContainerItemProxy section */

/* Begin PBXFileReference section */
		0800489AE4D2EDAF06BEAD98 /* Pods-CodeWarsTracker-CodeWarsTrackerUITests.release.xcconfig */ = {isa = PBXFileReference; includeInIndex = 1; lastKnownFileType = text.xcconfig; name = "Pods-CodeWarsTracker-CodeWarsTrackerUITests.release.xcconfig"; path = "Target Support Files/Pods-CodeWarsTracker-CodeWarsTrackerUITests/Pods-CodeWarsTracker-CodeWarsTrackerUITests.release.xcconfig"; sourceTree = "<group>"; };
		153DABD380619AAA2DD4864F /* Pods-CodeWarsTracker.release.xcconfig */ = {isa = PBXFileReference; includeInIndex = 1; lastKnownFileType = text.xcconfig; name = "Pods-CodeWarsTracker.release.xcconfig"; path = "Target Support Files/Pods-CodeWarsTracker/Pods-CodeWarsTracker.release.xcconfig"; sourceTree = "<group>"; };
		23638DD34A40959A9F790DAA /* Pods_CodeWarsTrackerTests.framework */ = {isa = PBXFileReference; explicitFileType = wrapper.framework; includeInIndex = 0; path = Pods_CodeWarsTrackerTests.framework; sourceTree = BUILT_PRODUCTS_DIR; };
		3E0A04C326D758DB00061809 /* FellowCardCell.swift */ = {isa = PBXFileReference; lastKnownFileType = sourcecode.swift; path = FellowCardCell.swift; sourceTree = "<group>"; };
		3E0A04C826D758F500061809 /* StaffCardCell.swift */ = {isa = PBXFileReference; lastKnownFileType = sourcecode.swift; path = StaffCardCell.swift; sourceTree = "<group>"; };
		3E0A04D626D8032F00061809 /* HeaderView.swift */ = {isa = PBXFileReference; lastKnownFileType = sourcecode.swift; path = HeaderView.swift; sourceTree = "<group>"; };
		3E0A04E326D9715B00061809 /* BannerView.swift */ = {isa = PBXFileReference; lastKnownFileType = sourcecode.swift; path = BannerView.swift; sourceTree = "<group>"; };
		3E0AB1D326D42B280005FAE5 /* ScoreCard.swift */ = {isa = PBXFileReference; lastKnownFileType = sourcecode.swift; path = ScoreCard.swift; sourceTree = "<group>"; };
		3E0AB1D826D42B400005FAE5 /* User.swift */ = {isa = PBXFileReference; lastKnownFileType = sourcecode.swift; path = User.swift; sourceTree = "<group>"; };
		3E0AB1E326D42CA80005FAE5 /* AppError.swift */ = {isa = PBXFileReference; lastKnownFileType = sourcecode.swift; path = AppError.swift; sourceTree = "<group>"; };
		3E0AB1E826D42CB90005FAE5 /* NetworkHelper.swift */ = {isa = PBXFileReference; lastKnownFileType = sourcecode.swift; path = NetworkHelper.swift; sourceTree = "<group>"; };
		3E0AB1EE26D42CFC0005FAE5 /* CWTAPIClient.swift */ = {isa = PBXFileReference; lastKnownFileType = sourcecode.swift; path = CWTAPIClient.swift; sourceTree = "<group>"; };
		3E0AB1FF26D477A20005FAE5 /* IdUser.swift */ = {isa = PBXFileReference; lastKnownFileType = sourcecode.swift; path = IdUser.swift; sourceTree = "<group>"; };
		3E6AB7EB26CC5ED000DF9A11 /* CodeWarsTracker.app */ = {isa = PBXFileReference; explicitFileType = wrapper.application; includeInIndex = 0; path = CodeWarsTracker.app; sourceTree = BUILT_PRODUCTS_DIR; };
		3E6AB7EE26CC5ED000DF9A11 /* AppDelegate.swift */ = {isa = PBXFileReference; lastKnownFileType = sourcecode.swift; path = AppDelegate.swift; sourceTree = "<group>"; };
		3E6AB7F026CC5ED000DF9A11 /* SceneDelegate.swift */ = {isa = PBXFileReference; lastKnownFileType = sourcecode.swift; path = SceneDelegate.swift; sourceTree = "<group>"; };
		3E6AB7F226CC5ED000DF9A11 /* ScoreCardViewController.swift */ = {isa = PBXFileReference; lastKnownFileType = sourcecode.swift; path = ScoreCardViewController.swift; sourceTree = "<group>"; };
		3E6AB7F726CC5ED400DF9A11 /* Assets.xcassets */ = {isa = PBXFileReference; lastKnownFileType = folder.assetcatalog; path = Assets.xcassets; sourceTree = "<group>"; };
		3E6AB7FA26CC5ED400DF9A11 /* Base */ = {isa = PBXFileReference; lastKnownFileType = file.storyboard; name = Base; path = Base.lproj/LaunchScreen.storyboard; sourceTree = "<group>"; };
		3E6AB7FC26CC5ED400DF9A11 /* Info.plist */ = {isa = PBXFileReference; lastKnownFileType = text.plist.xml; path = Info.plist; sourceTree = "<group>"; };
		3E6AB80126CC5ED500DF9A11 /* CodeWarsTrackerTests.xctest */ = {isa = PBXFileReference; explicitFileType = wrapper.cfbundle; includeInIndex = 0; path = CodeWarsTrackerTests.xctest; sourceTree = BUILT_PRODUCTS_DIR; };
		3E6AB80526CC5ED500DF9A11 /* CodeWarsTrackerTests.swift */ = {isa = PBXFileReference; lastKnownFileType = sourcecode.swift; path = CodeWarsTrackerTests.swift; sourceTree = "<group>"; };
		3E6AB80726CC5ED500DF9A11 /* Info.plist */ = {isa = PBXFileReference; lastKnownFileType = text.plist.xml; path = Info.plist; sourceTree = "<group>"; };
		3E6AB80C26CC5ED500DF9A11 /* CodeWarsTrackerUITests.xctest */ = {isa = PBXFileReference; explicitFileType = wrapper.cfbundle; includeInIndex = 0; path = CodeWarsTrackerUITests.xctest; sourceTree = BUILT_PRODUCTS_DIR; };
		3E6AB81026CC5ED500DF9A11 /* CodeWarsTrackerUITests.swift */ = {isa = PBXFileReference; lastKnownFileType = sourcecode.swift; path = CodeWarsTrackerUITests.swift; sourceTree = "<group>"; };
		3E6AB81226CC5ED500DF9A11 /* Info.plist */ = {isa = PBXFileReference; lastKnownFileType = text.plist.xml; path = Info.plist; sourceTree = "<group>"; };
		826B97D11E0033B29E59B4C0 /* Pods_CodeWarsTracker_CodeWarsTrackerUITests.framework */ = {isa = PBXFileReference; explicitFileType = wrapper.framework; includeInIndex = 0; path = Pods_CodeWarsTracker_CodeWarsTrackerUITests.framework; sourceTree = BUILT_PRODUCTS_DIR; };
		D354AC7882F44AB5E962EEF9 /* Pods-CodeWarsTrackerTests.debug.xcconfig */ = {isa = PBXFileReference; includeInIndex = 1; lastKnownFileType = text.xcconfig; name = "Pods-CodeWarsTrackerTests.debug.xcconfig"; path = "Target Support Files/Pods-CodeWarsTrackerTests/Pods-CodeWarsTrackerTests.debug.xcconfig"; sourceTree = "<group>"; };
		D79EB3B7A37AF78B72AB46D1 /* Pods_CodeWarsTracker.framework */ = {isa = PBXFileReference; explicitFileType = wrapper.framework; includeInIndex = 0; path = Pods_CodeWarsTracker.framework; sourceTree = BUILT_PRODUCTS_DIR; };
		E1764549936F4EACD3D0E770 /* Pods-CodeWarsTracker-CodeWarsTrackerUITests.debug.xcconfig */ = {isa = PBXFileReference; includeInIndex = 1; lastKnownFileType = text.xcconfig; name = "Pods-CodeWarsTracker-CodeWarsTrackerUITests.debug.xcconfig"; path = "Target Support Files/Pods-CodeWarsTracker-CodeWarsTrackerUITests/Pods-CodeWarsTracker-CodeWarsTrackerUITests.debug.xcconfig"; sourceTree = "<group>"; };
		F110DB4426D5DBC8007BA3A3 /* ScoreCardView.swift */ = {isa = PBXFileReference; lastKnownFileType = sourcecode.swift; path = ScoreCardView.swift; sourceTree = "<group>"; };
		F124B7B726FEF0EA00799E84 /* SettingsView.swift */ = {isa = PBXFileReference; lastKnownFileType = sourcecode.swift; path = SettingsView.swift; sourceTree = "<group>"; };
		F124B7B926FEF74F00799E84 /* SettingsViewController.swift */ = {isa = PBXFileReference; lastKnownFileType = sourcecode.swift; path = SettingsViewController.swift; sourceTree = "<group>"; };
		F124B7BB26FEFAFF00799E84 /* SettingsModel.swift */ = {isa = PBXFileReference; lastKnownFileType = sourcecode.swift; path = SettingsModel.swift; sourceTree = "<group>"; };
		F124B7BD26FF096600799E84 /* ThemePreviewsView.swift */ = {isa = PBXFileReference; lastKnownFileType = sourcecode.swift; path = ThemePreviewsView.swift; sourceTree = "<group>"; };
		F124B7BF26FF0EAC00799E84 /* ThemeableUIElements.swift */ = {isa = PBXFileReference; lastKnownFileType = sourcecode.swift; path = ThemeableUIElements.swift; sourceTree = "<group>"; };
		F124B7C126FF2A3B00799E84 /* ThemePreviewsViewController.swift */ = {isa = PBXFileReference; lastKnownFileType = sourcecode.swift; path = ThemePreviewsViewController.swift; sourceTree = "<group>"; };
		F124B7C526FF5D4100799E84 /* UINavigationController+.swift */ = {isa = PBXFileReference; lastKnownFileType = sourcecode.swift; path = "UINavigationController+.swift"; sourceTree = "<group>"; };
		F12817B126EAD6E30068A55D /* FindPairingViewController.swift */ = {isa = PBXFileReference; lastKnownFileType = sourcecode.swift; path = FindPairingViewController.swift; sourceTree = "<group>"; };
		F12817B326EAD7060068A55D /* FindPairingView.swift */ = {isa = PBXFileReference; lastKnownFileType = sourcecode.swift; path = FindPairingView.swift; sourceTree = "<group>"; };
		F12817B526EB060C0068A55D /* Volunteer.swift */ = {isa = PBXFileReference; lastKnownFileType = sourcecode.swift; path = Volunteer.swift; sourceTree = "<group>"; };
		F12817B926EC2E8A0068A55D /* UITableViewCell+.swift */ = {isa = PBXFileReference; lastKnownFileType = sourcecode.swift; path = "UITableViewCell+.swift"; sourceTree = "<group>"; };
		F12817BB26EC5E490068A55D /* HowToPairView.swift */ = {isa = PBXFileReference; lastKnownFileType = sourcecode.swift; path = HowToPairView.swift; sourceTree = "<group>"; };
		F12817BF26EC633E0068A55D /* HowToPairViewController.swift */ = {isa = PBXFileReference; lastKnownFileType = sourcecode.swift; path = HowToPairViewController.swift; sourceTree = "<group>"; };
		F13BA23326D6BCA2007780F2 /* NavBarViewController.swift */ = {isa = PBXFileReference; lastKnownFileType = sourcecode.swift; path = NavBarViewController.swift; sourceTree = "<group>"; };
		F13FAD4326E92D4C00E74C41 /* KeyboardHandlerView.swift */ = {isa = PBXFileReference; lastKnownFileType = sourcecode.swift; path = KeyboardHandlerView.swift; sourceTree = "<group>"; };
		F13FAD4526E9372000E74C41 /* UIView+.swift */ = {isa = PBXFileReference; lastKnownFileType = sourcecode.swift; path = "UIView+.swift"; sourceTree = "<group>"; };
		F14873F12723490400BBB4A5 /* Secrets.swift */ = {isa = PBXFileReference; lastKnownFileType = sourcecode.swift; path = Secrets.swift; sourceTree = "<group>"; };
		F1A00ADB26FA76990046E183 /* HowToUseView.swift */ = {isa = PBXFileReference; lastKnownFileType = sourcecode.swift; path = HowToUseView.swift; sourceTree = "<group>"; };
		F1A00ADD26FA78040046E183 /* NSMutableAttributedString+.swift */ = {isa = PBXFileReference; lastKnownFileType = sourcecode.swift; path = "NSMutableAttributedString+.swift"; sourceTree = "<group>"; };
		F1A00AE126FAB0970046E183 /* HowToUseViewController.swift */ = {isa = PBXFileReference; lastKnownFileType = sourcecode.swift; path = HowToUseViewController.swift; sourceTree = "<group>"; };
		F1A00AE326FB0BB70046E183 /* UIImage+.swift */ = {isa = PBXFileReference; lastKnownFileType = sourcecode.swift; path = "UIImage+.swift"; sourceTree = "<group>"; };
		F1A00AE526FB0F110046E183 /* NSAttributedString+.swift */ = {isa = PBXFileReference; lastKnownFileType = sourcecode.swift; path = "NSAttributedString+.swift"; sourceTree = "<group>"; };
		F1A00AE926FB1D700046E183 /* PanZoomView.swift */ = {isa = PBXFileReference; lastKnownFileType = sourcecode.swift; path = PanZoomView.swift; sourceTree = "<group>"; };
		F1A00AEB26FB2C600046E183 /* NSTextAttachment+.swift */ = {isa = PBXFileReference; lastKnownFileType = sourcecode.swift; path = "NSTextAttachment+.swift"; sourceTree = "<group>"; };
		F1A00AEF26FB6CB30046E183 /* PursuitColors.swift */ = {isa = PBXFileReference; lastKnownFileType = sourcecode.swift; path = PursuitColors.swift; sourceTree = "<group>"; };
		F1A00AF126FB7A780046E183 /* UIColor+.swift */ = {isa = PBXFileReference; lastKnownFileType = sourcecode.swift; path = "UIColor+.swift"; sourceTree = "<group>"; };
		F1A00AF326FB828F0046E183 /* ThemeSettings.swift */ = {isa = PBXFileReference; lastKnownFileType = sourcecode.swift; path = ThemeSettings.swift; sourceTree = "<group>"; };
		F1A00AF526FBB5360046E183 /* ThemeManager.swift */ = {isa = PBXFileReference; lastKnownFileType = sourcecode.swift; path = ThemeManager.swift; sourceTree = "<group>"; };
		F1A5C0BB26E7011C00783A60 /* UIViewController+.swift */ = {isa = PBXFileReference; lastKnownFileType = sourcecode.swift; path = "UIViewController+.swift"; sourceTree = "<group>"; };
		F1AF46A826D87F7F001F7327 /* CreateProfileViewController.swift */ = {isa = PBXFileReference; lastKnownFileType = sourcecode.swift; path = CreateProfileViewController.swift; sourceTree = "<group>"; };
		F1AF46AA26D87F9A001F7327 /* CreateProfileView.swift */ = {isa = PBXFileReference; lastKnownFileType = sourcecode.swift; path = CreateProfileView.swift; sourceTree = "<group>"; };
		F1AF46AC26D8AF4B001F7327 /* UITextField+.swift */ = {isa = PBXFileReference; lastKnownFileType = sourcecode.swift; path = "UITextField+.swift"; sourceTree = "<group>"; };
		F1B3FB12272244C20099D4AF /* UserDefaultsManager.swift */ = {isa = PBXFileReference; lastKnownFileType = sourcecode.swift; path = UserDefaultsManager.swift; sourceTree = "<group>"; };
		F6D8733F5C605B29BD1CDBB7 /* Pods-CodeWarsTrackerTests.release.xcconfig */ = {isa = PBXFileReference; includeInIndex = 1; lastKnownFileType = text.xcconfig; name = "Pods-CodeWarsTrackerTests.release.xcconfig"; path = "Target Support Files/Pods-CodeWarsTrackerTests/Pods-CodeWarsTrackerTests.release.xcconfig"; sourceTree = "<group>"; };
		F73FE2A454D4947730BF9339 /* Pods-CodeWarsTracker.debug.xcconfig */ = {isa = PBXFileReference; includeInIndex = 1; lastKnownFileType = text.xcconfig; name = "Pods-CodeWarsTracker.debug.xcconfig"; path = "Target Support Files/Pods-CodeWarsTracker/Pods-CodeWarsTracker.debug.xcconfig"; sourceTree = "<group>"; };
/* End PBXFileReference section */

/* Begin PBXFrameworksBuildPhase section */
		3E6AB7E826CC5ECF00DF9A11 /* Frameworks */ = {
			isa = PBXFrameworksBuildPhase;
			buildActionMask = 2147483647;
			files = (
				E7AC46D31C8CCB1FD50959EF /* Pods_CodeWarsTracker.framework in Frameworks */,
			);
			runOnlyForDeploymentPostprocessing = 0;
		};
		3E6AB7FE26CC5ED500DF9A11 /* Frameworks */ = {
			isa = PBXFrameworksBuildPhase;
			buildActionMask = 2147483647;
			files = (
				B775983A13030DA69261F975 /* Pods_CodeWarsTrackerTests.framework in Frameworks */,
			);
			runOnlyForDeploymentPostprocessing = 0;
		};
		3E6AB80926CC5ED500DF9A11 /* Frameworks */ = {
			isa = PBXFrameworksBuildPhase;
			buildActionMask = 2147483647;
			files = (
				5AA5EA4079A98C0C6B8D78E7 /* Pods_CodeWarsTracker_CodeWarsTrackerUITests.framework in Frameworks */,
			);
			runOnlyForDeploymentPostprocessing = 0;
		};
/* End PBXFrameworksBuildPhase section */

/* Begin PBXGroup section */
		3E0AB1CA26D422550005FAE5 /* Controllers */ = {
			isa = PBXGroup;
			children = (
				3E6AB7F226CC5ED000DF9A11 /* ScoreCardViewController.swift */,
				F13BA23326D6BCA2007780F2 /* NavBarViewController.swift */,
				F1AF46A826D87F7F001F7327 /* CreateProfileViewController.swift */,
				F12817B126EAD6E30068A55D /* FindPairingViewController.swift */,
				F12817BF26EC633E0068A55D /* HowToPairViewController.swift */,
				F1A00AE126FAB0970046E183 /* HowToUseViewController.swift */,
				F124B7B926FEF74F00799E84 /* SettingsViewController.swift */,
				F124B7C126FF2A3B00799E84 /* ThemePreviewsViewController.swift */,
			);
			path = Controllers;
			sourceTree = "<group>";
		};
		3E0AB1CB26D4225C0005FAE5 /* Models */ = {
			isa = PBXGroup;
			children = (
				3E0AB1D326D42B280005FAE5 /* ScoreCard.swift */,
				3E0AB1D826D42B400005FAE5 /* User.swift */,
				3E0AB1FF26D477A20005FAE5 /* IdUser.swift */,
				F12817B526EB060C0068A55D /* Volunteer.swift */,
				F1A00AEF26FB6CB30046E183 /* PursuitColors.swift */,
				F1A00AF326FB828F0046E183 /* ThemeSettings.swift */,
				F1A00AF526FBB5360046E183 /* ThemeManager.swift */,
				F124B7BB26FEFAFF00799E84 /* SettingsModel.swift */,
				F1B3FB12272244C20099D4AF /* UserDefaultsManager.swift */,
			);
			path = Models;
			sourceTree = "<group>";
		};
		3E0AB1CC26D4226B0005FAE5 /* SupportingFiles */ = {
			isa = PBXGroup;
			children = (
				3E6AB7EE26CC5ED000DF9A11 /* AppDelegate.swift */,
				3E6AB7F026CC5ED000DF9A11 /* SceneDelegate.swift */,
				3E6AB7F926CC5ED400DF9A11 /* LaunchScreen.storyboard */,
			);
			path = SupportingFiles;
			sourceTree = "<group>";
		};
		3E0AB1E226D42C720005FAE5 /* NetworkingServices */ = {
			isa = PBXGroup;
			children = (
				3E0AB1E326D42CA80005FAE5 /* AppError.swift */,
				3E0AB1E826D42CB90005FAE5 /* NetworkHelper.swift */,
				3E0AB1EE26D42CFC0005FAE5 /* CWTAPIClient.swift */,
			);
			path = NetworkingServices;
			sourceTree = "<group>";
		};
		3E6AB7E226CC5ECF00DF9A11 = {
			isa = PBXGroup;
			children = (
				3E6AB7ED26CC5ED000DF9A11 /* CodeWarsTracker */,
				3E6AB80426CC5ED500DF9A11 /* CodeWarsTrackerTests */,
				3E6AB80F26CC5ED500DF9A11 /* CodeWarsTrackerUITests */,
				3E6AB7EC26CC5ED000DF9A11 /* Products */,
				F6EAF4476B6153638CA8CFB3 /* Pods */,
				496BAFB44E03C7C35990D4E3 /* Frameworks */,
			);
			sourceTree = "<group>";
		};
		3E6AB7EC26CC5ED000DF9A11 /* Products */ = {
			isa = PBXGroup;
			children = (
				3E6AB7EB26CC5ED000DF9A11 /* CodeWarsTracker.app */,
				3E6AB80126CC5ED500DF9A11 /* CodeWarsTrackerTests.xctest */,
				3E6AB80C26CC5ED500DF9A11 /* CodeWarsTrackerUITests.xctest */,
			);
			name = Products;
			sourceTree = "<group>";
		};
		3E6AB7ED26CC5ED000DF9A11 /* CodeWarsTracker */ = {
			isa = PBXGroup;
			children = (
				F14873F0272348F800BBB4A5 /* Secrets */,
				F13BA23526D6C90A007780F2 /* Extensions */,
				F110DB4326D5DB8C007BA3A3 /* Views */,
				3E0AB1E226D42C720005FAE5 /* NetworkingServices */,
				3E0AB1CC26D4226B0005FAE5 /* SupportingFiles */,
				3E0AB1CB26D4225C0005FAE5 /* Models */,
				3E0AB1CA26D422550005FAE5 /* Controllers */,
				3E6AB7F726CC5ED400DF9A11 /* Assets.xcassets */,
				3E6AB7FC26CC5ED400DF9A11 /* Info.plist */,
			);
			path = CodeWarsTracker;
			sourceTree = "<group>";
		};
		3E6AB80426CC5ED500DF9A11 /* CodeWarsTrackerTests */ = {
			isa = PBXGroup;
			children = (
				3E6AB80526CC5ED500DF9A11 /* CodeWarsTrackerTests.swift */,
				3E6AB80726CC5ED500DF9A11 /* Info.plist */,
			);
			path = CodeWarsTrackerTests;
			sourceTree = "<group>";
		};
		3E6AB80F26CC5ED500DF9A11 /* CodeWarsTrackerUITests */ = {
			isa = PBXGroup;
			children = (
				3E6AB81026CC5ED500DF9A11 /* CodeWarsTrackerUITests.swift */,
				3E6AB81226CC5ED500DF9A11 /* Info.plist */,
			);
			path = CodeWarsTrackerUITests;
			sourceTree = "<group>";
		};
		496BAFB44E03C7C35990D4E3 /* Frameworks */ = {
			isa = PBXGroup;
			children = (
				D79EB3B7A37AF78B72AB46D1 /* Pods_CodeWarsTracker.framework */,
				826B97D11E0033B29E59B4C0 /* Pods_CodeWarsTracker_CodeWarsTrackerUITests.framework */,
				23638DD34A40959A9F790DAA /* Pods_CodeWarsTrackerTests.framework */,
			);
			name = Frameworks;
			sourceTree = "<group>";
		};
		F110DB4326D5DB8C007BA3A3 /* Views */ = {
			isa = PBXGroup;
			children = (
				F110DB4426D5DBC8007BA3A3 /* ScoreCardView.swift */,
				3E0A04C326D758DB00061809 /* FellowCardCell.swift */,
				3E0A04C826D758F500061809 /* StaffCardCell.swift */,
				3E0A04D626D8032F00061809 /* HeaderView.swift */,
				3E0A04E326D9715B00061809 /* BannerView.swift */,
				F1AF46AA26D87F9A001F7327 /* CreateProfileView.swift */,
				F13FAD4326E92D4C00E74C41 /* KeyboardHandlerView.swift */,
				F12817B326EAD7060068A55D /* FindPairingView.swift */,
				F12817BB26EC5E490068A55D /* HowToPairView.swift */,
				F1A00ADB26FA76990046E183 /* HowToUseView.swift */,
				F1A00AE926FB1D700046E183 /* PanZoomView.swift */,
				F124B7B726FEF0EA00799E84 /* SettingsView.swift */,
				F124B7BD26FF096600799E84 /* ThemePreviewsView.swift */,
				F124B7BF26FF0EAC00799E84 /* ThemeableUIElements.swift */,
			);
			path = Views;
			sourceTree = "<group>";
		};
		F13BA23526D6C90A007780F2 /* Extensions */ = {
			isa = PBXGroup;
			children = (
				F1AF46AC26D8AF4B001F7327 /* UITextField+.swift */,
				F1A5C0BB26E7011C00783A60 /* UIViewController+.swift */,
				F13FAD4526E9372000E74C41 /* UIView+.swift */,
				F12817B926EC2E8A0068A55D /* UITableViewCell+.swift */,
				F1A00ADD26FA78040046E183 /* NSMutableAttributedString+.swift */,
				F1A00AE326FB0BB70046E183 /* UIImage+.swift */,
				F1A00AE526FB0F110046E183 /* NSAttributedString+.swift */,
				F1A00AEB26FB2C600046E183 /* NSTextAttachment+.swift */,
				F1A00AF126FB7A780046E183 /* UIColor+.swift */,
				F124B7C526FF5D4100799E84 /* UINavigationController+.swift */,
			);
			path = Extensions;
			sourceTree = "<group>";
		};
		F14873F0272348F800BBB4A5 /* Secrets */ = {
			isa = PBXGroup;
			children = (
				F14873F12723490400BBB4A5 /* Secrets.swift */,
			);
			path = Secrets;
			sourceTree = "<group>";
		};
		F6EAF4476B6153638CA8CFB3 /* Pods */ = {
			isa = PBXGroup;
			children = (
				F73FE2A454D4947730BF9339 /* Pods-CodeWarsTracker.debug.xcconfig */,
				153DABD380619AAA2DD4864F /* Pods-CodeWarsTracker.release.xcconfig */,
				E1764549936F4EACD3D0E770 /* Pods-CodeWarsTracker-CodeWarsTrackerUITests.debug.xcconfig */,
				0800489AE4D2EDAF06BEAD98 /* Pods-CodeWarsTracker-CodeWarsTrackerUITests.release.xcconfig */,
				D354AC7882F44AB5E962EEF9 /* Pods-CodeWarsTrackerTests.debug.xcconfig */,
				F6D8733F5C605B29BD1CDBB7 /* Pods-CodeWarsTrackerTests.release.xcconfig */,
			);
			path = Pods;
			sourceTree = "<group>";
		};
/* End PBXGroup section */

/* Begin PBXNativeTarget section */
		3E6AB7EA26CC5ECF00DF9A11 /* CodeWarsTracker */ = {
			isa = PBXNativeTarget;
			buildConfigurationList = 3E6AB81526CC5ED500DF9A11 /* Build configuration list for PBXNativeTarget "CodeWarsTracker" */;
			buildPhases = (
				F80FD3137457F65DFD16D9D8 /* [CP] Check Pods Manifest.lock */,
				3E6AB7E726CC5ECF00DF9A11 /* Sources */,
				3E6AB7E826CC5ECF00DF9A11 /* Frameworks */,
				3E6AB7E926CC5ECF00DF9A11 /* Resources */,
				3E44F92F45C855A235DFC62B /* [CP] Embed Pods Frameworks */,
			);
			buildRules = (
			);
			dependencies = (
			);
			name = CodeWarsTracker;
			productName = CodeWarsTracker;
			productReference = 3E6AB7EB26CC5ED000DF9A11 /* CodeWarsTracker.app */;
			productType = "com.apple.product-type.application";
		};
		3E6AB80026CC5ED500DF9A11 /* CodeWarsTrackerTests */ = {
			isa = PBXNativeTarget;
			buildConfigurationList = 3E6AB81826CC5ED500DF9A11 /* Build configuration list for PBXNativeTarget "CodeWarsTrackerTests" */;
			buildPhases = (
				D6DCBD62AD9CCED417098FEC /* [CP] Check Pods Manifest.lock */,
				3E6AB7FD26CC5ED500DF9A11 /* Sources */,
				3E6AB7FE26CC5ED500DF9A11 /* Frameworks */,
				3E6AB7FF26CC5ED500DF9A11 /* Resources */,
			);
			buildRules = (
			);
			dependencies = (
				3E6AB80326CC5ED500DF9A11 /* PBXTargetDependency */,
			);
			name = CodeWarsTrackerTests;
			productName = CodeWarsTrackerTests;
			productReference = 3E6AB80126CC5ED500DF9A11 /* CodeWarsTrackerTests.xctest */;
			productType = "com.apple.product-type.bundle.unit-test";
		};
		3E6AB80B26CC5ED500DF9A11 /* CodeWarsTrackerUITests */ = {
			isa = PBXNativeTarget;
			buildConfigurationList = 3E6AB81B26CC5ED500DF9A11 /* Build configuration list for PBXNativeTarget "CodeWarsTrackerUITests" */;
			buildPhases = (
				EB27DA686EDE1F63ED341437 /* [CP] Check Pods Manifest.lock */,
				3E6AB80826CC5ED500DF9A11 /* Sources */,
				3E6AB80926CC5ED500DF9A11 /* Frameworks */,
				3E6AB80A26CC5ED500DF9A11 /* Resources */,
				6D8F293B8A58362D491FF103 /* [CP] Embed Pods Frameworks */,
			);
			buildRules = (
			);
			dependencies = (
				3E6AB80E26CC5ED500DF9A11 /* PBXTargetDependency */,
			);
			name = CodeWarsTrackerUITests;
			productName = CodeWarsTrackerUITests;
			productReference = 3E6AB80C26CC5ED500DF9A11 /* CodeWarsTrackerUITests.xctest */;
			productType = "com.apple.product-type.bundle.ui-testing";
		};
/* End PBXNativeTarget section */

/* Begin PBXProject section */
		3E6AB7E326CC5ECF00DF9A11 /* Project object */ = {
			isa = PBXProject;
			attributes = {
				LastSwiftUpdateCheck = 1210;
				LastUpgradeCheck = 1210;
				TargetAttributes = {
					3E6AB7EA26CC5ECF00DF9A11 = {
						CreatedOnToolsVersion = 12.1;
					};
					3E6AB80026CC5ED500DF9A11 = {
						CreatedOnToolsVersion = 12.1;
						TestTargetID = 3E6AB7EA26CC5ECF00DF9A11;
					};
					3E6AB80B26CC5ED500DF9A11 = {
						CreatedOnToolsVersion = 12.1;
						TestTargetID = 3E6AB7EA26CC5ECF00DF9A11;
					};
				};
			};
			buildConfigurationList = 3E6AB7E626CC5ECF00DF9A11 /* Build configuration list for PBXProject "CodeWarsTracker" */;
			compatibilityVersion = "Xcode 9.3";
			developmentRegion = en;
			hasScannedForEncodings = 0;
			knownRegions = (
				en,
				Base,
			);
			mainGroup = 3E6AB7E226CC5ECF00DF9A11;
			productRefGroup = 3E6AB7EC26CC5ED000DF9A11 /* Products */;
			projectDirPath = "";
			projectRoot = "";
			targets = (
				3E6AB7EA26CC5ECF00DF9A11 /* CodeWarsTracker */,
				3E6AB80026CC5ED500DF9A11 /* CodeWarsTrackerTests */,
				3E6AB80B26CC5ED500DF9A11 /* CodeWarsTrackerUITests */,
			);
		};
/* End PBXProject section */

/* Begin PBXResourcesBuildPhase section */
		3E6AB7E926CC5ECF00DF9A11 /* Resources */ = {
			isa = PBXResourcesBuildPhase;
			buildActionMask = 2147483647;
			files = (
				3E6AB7FB26CC5ED400DF9A11 /* LaunchScreen.storyboard in Resources */,
				3E6AB7F826CC5ED400DF9A11 /* Assets.xcassets in Resources */,
			);
			runOnlyForDeploymentPostprocessing = 0;
		};
		3E6AB7FF26CC5ED500DF9A11 /* Resources */ = {
			isa = PBXResourcesBuildPhase;
			buildActionMask = 2147483647;
			files = (
			);
			runOnlyForDeploymentPostprocessing = 0;
		};
		3E6AB80A26CC5ED500DF9A11 /* Resources */ = {
			isa = PBXResourcesBuildPhase;
			buildActionMask = 2147483647;
			files = (
			);
			runOnlyForDeploymentPostprocessing = 0;
		};
/* End PBXResourcesBuildPhase section */

/* Begin PBXShellScriptBuildPhase section */
		3E44F92F45C855A235DFC62B /* [CP] Embed Pods Frameworks */ = {
			isa = PBXShellScriptBuildPhase;
			buildActionMask = 2147483647;
			files = (
			);
			inputFileListPaths = (
				"${PODS_ROOT}/Target Support Files/Pods-CodeWarsTracker/Pods-CodeWarsTracker-frameworks-${CONFIGURATION}-input-files.xcfilelist",
			);
			name = "[CP] Embed Pods Frameworks";
			outputFileListPaths = (
				"${PODS_ROOT}/Target Support Files/Pods-CodeWarsTracker/Pods-CodeWarsTracker-frameworks-${CONFIGURATION}-output-files.xcfilelist",
			);
			runOnlyForDeploymentPostprocessing = 0;
			shellPath = /bin/sh;
			shellScript = "\"${PODS_ROOT}/Target Support Files/Pods-CodeWarsTracker/Pods-CodeWarsTracker-frameworks.sh\"\n";
			showEnvVarsInLog = 0;
		};
		6D8F293B8A58362D491FF103 /* [CP] Embed Pods Frameworks */ = {
			isa = PBXShellScriptBuildPhase;
			buildActionMask = 2147483647;
			files = (
			);
			inputFileListPaths = (
				"${PODS_ROOT}/Target Support Files/Pods-CodeWarsTracker-CodeWarsTrackerUITests/Pods-CodeWarsTracker-CodeWarsTrackerUITests-frameworks-${CONFIGURATION}-input-files.xcfilelist",
			);
			name = "[CP] Embed Pods Frameworks";
			outputFileListPaths = (
				"${PODS_ROOT}/Target Support Files/Pods-CodeWarsTracker-CodeWarsTrackerUITests/Pods-CodeWarsTracker-CodeWarsTrackerUITests-frameworks-${CONFIGURATION}-output-files.xcfilelist",
			);
			runOnlyForDeploymentPostprocessing = 0;
			shellPath = /bin/sh;
			shellScript = "\"${PODS_ROOT}/Target Support Files/Pods-CodeWarsTracker-CodeWarsTrackerUITests/Pods-CodeWarsTracker-CodeWarsTrackerUITests-frameworks.sh\"\n";
			showEnvVarsInLog = 0;
		};
		D6DCBD62AD9CCED417098FEC /* [CP] Check Pods Manifest.lock */ = {
			isa = PBXShellScriptBuildPhase;
			buildActionMask = 2147483647;
			files = (
			);
			inputFileListPaths = (
			);
			inputPaths = (
				"${PODS_PODFILE_DIR_PATH}/Podfile.lock",
				"${PODS_ROOT}/Manifest.lock",
			);
			name = "[CP] Check Pods Manifest.lock";
			outputFileListPaths = (
			);
			outputPaths = (
				"$(DERIVED_FILE_DIR)/Pods-CodeWarsTrackerTests-checkManifestLockResult.txt",
			);
			runOnlyForDeploymentPostprocessing = 0;
			shellPath = /bin/sh;
			shellScript = "diff \"${PODS_PODFILE_DIR_PATH}/Podfile.lock\" \"${PODS_ROOT}/Manifest.lock\" > /dev/null\nif [ $? != 0 ] ; then\n    # print error to STDERR\n    echo \"error: The sandbox is not in sync with the Podfile.lock. Run 'pod install' or update your CocoaPods installation.\" >&2\n    exit 1\nfi\n# This output is used by Xcode 'outputs' to avoid re-running this script phase.\necho \"SUCCESS\" > \"${SCRIPT_OUTPUT_FILE_0}\"\n";
			showEnvVarsInLog = 0;
		};
		EB27DA686EDE1F63ED341437 /* [CP] Check Pods Manifest.lock */ = {
			isa = PBXShellScriptBuildPhase;
			buildActionMask = 2147483647;
			files = (
			);
			inputFileListPaths = (
			);
			inputPaths = (
				"${PODS_PODFILE_DIR_PATH}/Podfile.lock",
				"${PODS_ROOT}/Manifest.lock",
			);
			name = "[CP] Check Pods Manifest.lock";
			outputFileListPaths = (
			);
			outputPaths = (
				"$(DERIVED_FILE_DIR)/Pods-CodeWarsTracker-CodeWarsTrackerUITests-checkManifestLockResult.txt",
			);
			runOnlyForDeploymentPostprocessing = 0;
			shellPath = /bin/sh;
			shellScript = "diff \"${PODS_PODFILE_DIR_PATH}/Podfile.lock\" \"${PODS_ROOT}/Manifest.lock\" > /dev/null\nif [ $? != 0 ] ; then\n    # print error to STDERR\n    echo \"error: The sandbox is not in sync with the Podfile.lock. Run 'pod install' or update your CocoaPods installation.\" >&2\n    exit 1\nfi\n# This output is used by Xcode 'outputs' to avoid re-running this script phase.\necho \"SUCCESS\" > \"${SCRIPT_OUTPUT_FILE_0}\"\n";
			showEnvVarsInLog = 0;
		};
		F80FD3137457F65DFD16D9D8 /* [CP] Check Pods Manifest.lock */ = {
			isa = PBXShellScriptBuildPhase;
			buildActionMask = 2147483647;
			files = (
			);
			inputFileListPaths = (
			);
			inputPaths = (
				"${PODS_PODFILE_DIR_PATH}/Podfile.lock",
				"${PODS_ROOT}/Manifest.lock",
			);
			name = "[CP] Check Pods Manifest.lock";
			outputFileListPaths = (
			);
			outputPaths = (
				"$(DERIVED_FILE_DIR)/Pods-CodeWarsTracker-checkManifestLockResult.txt",
			);
			runOnlyForDeploymentPostprocessing = 0;
			shellPath = /bin/sh;
			shellScript = "diff \"${PODS_PODFILE_DIR_PATH}/Podfile.lock\" \"${PODS_ROOT}/Manifest.lock\" > /dev/null\nif [ $? != 0 ] ; then\n    # print error to STDERR\n    echo \"error: The sandbox is not in sync with the Podfile.lock. Run 'pod install' or update your CocoaPods installation.\" >&2\n    exit 1\nfi\n# This output is used by Xcode 'outputs' to avoid re-running this script phase.\necho \"SUCCESS\" > \"${SCRIPT_OUTPUT_FILE_0}\"\n";
			showEnvVarsInLog = 0;
		};
/* End PBXShellScriptBuildPhase section */

/* Begin PBXSourcesBuildPhase section */
		3E6AB7E726CC5ECF00DF9A11 /* Sources */ = {
			isa = PBXSourcesBuildPhase;
			buildActionMask = 2147483647;
			files = (
				F1A00ADE26FA78040046E183 /* NSMutableAttributedString+.swift in Sources */,
				F12817C026EC633E0068A55D /* HowToPairViewController.swift in Sources */,
				F1AF46A926D87F7F001F7327 /* CreateProfileViewController.swift in Sources */,
				3E0AB1E926D42CB90005FAE5 /* NetworkHelper.swift in Sources */,
				F1A5C0BC26E7011C00783A60 /* UIViewController+.swift in Sources */,
				3E0A04E426D9715B00061809 /* BannerView.swift in Sources */,
				F12817BC26EC5E4A0068A55D /* HowToPairView.swift in Sources */,
				F124B7BE26FF096600799E84 /* ThemePreviewsView.swift in Sources */,
				F124B7BA26FEF74F00799E84 /* SettingsViewController.swift in Sources */,
				F1A00AF026FB6CB30046E183 /* PursuitColors.swift in Sources */,
				F13BA23426D6BCA2007780F2 /* NavBarViewController.swift in Sources */,
				3E0AB1D426D42B280005FAE5 /* ScoreCard.swift in Sources */,
				F1B3FB13272244C20099D4AF /* UserDefaultsManager.swift in Sources */,
				3E0AB1D926D42B400005FAE5 /* User.swift in Sources */,
				F124B7BC26FEFAFF00799E84 /* SettingsModel.swift in Sources */,
				F124B7C026FF0EAC00799E84 /* ThemeableUIElements.swift in Sources */,
				F13FAD4626E9372000E74C41 /* UIView+.swift in Sources */,
				F14873F22723490400BBB4A5 /* Secrets.swift in Sources */,
				3E6AB7F326CC5ED000DF9A11 /* ScoreCardViewController.swift in Sources */,
				F110DB4526D5DBC8007BA3A3 /* ScoreCardView.swift in Sources */,
				F12817B226EAD6E30068A55D /* FindPairingViewController.swift in Sources */,
				F1AF46AB26D87F9A001F7327 /* CreateProfileView.swift in Sources */,
				F1A00AE626FB0F110046E183 /* NSAttributedString+.swift in Sources */,
				F1A00AEC26FB2C600046E183 /* NSTextAttachment+.swift in Sources */,
				3E0AB1EF26D42CFC0005FAE5 /* CWTAPIClient.swift in Sources */,
				F12817B426EAD7060068A55D /* FindPairingView.swift in Sources */,
				3E6AB7EF26CC5ED000DF9A11 /* AppDelegate.swift in Sources */,
				F124B7C626FF5D4100799E84 /* UINavigationController+.swift in Sources */,
				3E6AB7F126CC5ED000DF9A11 /* SceneDelegate.swift in Sources */,
				3E0AB1E426D42CA80005FAE5 /* AppError.swift in Sources */,
				F1A00AF426FB828F0046E183 /* ThemeSettings.swift in Sources */,
				F1A00AE426FB0BB70046E183 /* UIImage+.swift in Sources */,
				F124B7B826FEF0EA00799E84 /* SettingsView.swift in Sources */,
				3E0A04C426D758DB00061809 /* FellowCardCell.swift in Sources */,
				F1A00ADC26FA76990046E183 /* HowToUseView.swift in Sources */,
				F124B7C226FF2A3B00799E84 /* ThemePreviewsViewController.swift in Sources */,
				3E0AB20026D477A20005FAE5 /* IdUser.swift in Sources */,
				F1A00AEA26FB1D700046E183 /* PanZoomView.swift in Sources */,
				F1AF46AD26D8AF4B001F7327 /* UITextField+.swift in Sources */,
				3E0A04C926D758F500061809 /* StaffCardCell.swift in Sources */,
				F1A00AF626FBB5360046E183 /* ThemeManager.swift in Sources */,
				3E0A04D726D8032F00061809 /* HeaderView.swift in Sources */,
				F1A00AF226FB7A780046E183 /* UIColor+.swift in Sources */,
				F12817BA26EC2E8A0068A55D /* UITableViewCell+.swift in Sources */,
				F1A00AE226FAB0970046E183 /* HowToUseViewController.swift in Sources */,
				F13FAD4426E92D4C00E74C41 /* KeyboardHandlerView.swift in Sources */,
				F12817B626EB060C0068A55D /* Volunteer.swift in Sources */,
			);
			runOnlyForDeploymentPostprocessing = 0;
		};
		3E6AB7FD26CC5ED500DF9A11 /* Sources */ = {
			isa = PBXSourcesBuildPhase;
			buildActionMask = 2147483647;
			files = (
				3E6AB80626CC5ED500DF9A11 /* CodeWarsTrackerTests.swift in Sources */,
			);
			runOnlyForDeploymentPostprocessing = 0;
		};
		3E6AB80826CC5ED500DF9A11 /* Sources */ = {
			isa = PBXSourcesBuildPhase;
			buildActionMask = 2147483647;
			files = (
				3E6AB81126CC5ED500DF9A11 /* CodeWarsTrackerUITests.swift in Sources */,
			);
			runOnlyForDeploymentPostprocessing = 0;
		};
/* End PBXSourcesBuildPhase section */

/* Begin PBXTargetDependency section */
		3E6AB80326CC5ED500DF9A11 /* PBXTargetDependency */ = {
			isa = PBXTargetDependency;
			target = 3E6AB7EA26CC5ECF00DF9A11 /* CodeWarsTracker */;
			targetProxy = 3E6AB80226CC5ED500DF9A11 /* PBXContainerItemProxy */;
		};
		3E6AB80E26CC5ED500DF9A11 /* PBXTargetDependency */ = {
			isa = PBXTargetDependency;
			target = 3E6AB7EA26CC5ECF00DF9A11 /* CodeWarsTracker */;
			targetProxy = 3E6AB80D26CC5ED500DF9A11 /* PBXContainerItemProxy */;
		};
/* End PBXTargetDependency section */

/* Begin PBXVariantGroup section */
		3E6AB7F926CC5ED400DF9A11 /* LaunchScreen.storyboard */ = {
			isa = PBXVariantGroup;
			children = (
				3E6AB7FA26CC5ED400DF9A11 /* Base */,
			);
			name = LaunchScreen.storyboard;
			sourceTree = "<group>";
		};
/* End PBXVariantGroup section */

/* Begin XCBuildConfiguration section */
		3E6AB81326CC5ED500DF9A11 /* Debug */ = {
			isa = XCBuildConfiguration;
			buildSettings = {
				ALWAYS_SEARCH_USER_PATHS = NO;
				CLANG_ANALYZER_NONNULL = YES;
				CLANG_ANALYZER_NUMBER_OBJECT_CONVERSION = YES_AGGRESSIVE;
				CLANG_CXX_LANGUAGE_STANDARD = "gnu++14";
				CLANG_CXX_LIBRARY = "libc++";
				CLANG_ENABLE_MODULES = YES;
				CLANG_ENABLE_OBJC_ARC = YES;
				CLANG_ENABLE_OBJC_WEAK = YES;
				CLANG_WARN_BLOCK_CAPTURE_AUTORELEASING = YES;
				CLANG_WARN_BOOL_CONVERSION = YES;
				CLANG_WARN_COMMA = YES;
				CLANG_WARN_CONSTANT_CONVERSION = YES;
				CLANG_WARN_DEPRECATED_OBJC_IMPLEMENTATIONS = YES;
				CLANG_WARN_DIRECT_OBJC_ISA_USAGE = YES_ERROR;
				CLANG_WARN_DOCUMENTATION_COMMENTS = YES;
				CLANG_WARN_EMPTY_BODY = YES;
				CLANG_WARN_ENUM_CONVERSION = YES;
				CLANG_WARN_INFINITE_RECURSION = YES;
				CLANG_WARN_INT_CONVERSION = YES;
				CLANG_WARN_NON_LITERAL_NULL_CONVERSION = YES;
				CLANG_WARN_OBJC_IMPLICIT_RETAIN_SELF = YES;
				CLANG_WARN_OBJC_LITERAL_CONVERSION = YES;
				CLANG_WARN_OBJC_ROOT_CLASS = YES_ERROR;
				CLANG_WARN_QUOTED_INCLUDE_IN_FRAMEWORK_HEADER = YES;
				CLANG_WARN_RANGE_LOOP_ANALYSIS = YES;
				CLANG_WARN_STRICT_PROTOTYPES = YES;
				CLANG_WARN_SUSPICIOUS_MOVE = YES;
				CLANG_WARN_UNGUARDED_AVAILABILITY = YES_AGGRESSIVE;
				CLANG_WARN_UNREACHABLE_CODE = YES;
				CLANG_WARN__DUPLICATE_METHOD_MATCH = YES;
				COPY_PHASE_STRIP = NO;
				DEBUG_INFORMATION_FORMAT = dwarf;
				ENABLE_STRICT_OBJC_MSGSEND = YES;
				ENABLE_TESTABILITY = YES;
				GCC_C_LANGUAGE_STANDARD = gnu11;
				GCC_DYNAMIC_NO_PIC = NO;
				GCC_NO_COMMON_BLOCKS = YES;
				GCC_OPTIMIZATION_LEVEL = 0;
				GCC_PREPROCESSOR_DEFINITIONS = (
					"DEBUG=1",
					"$(inherited)",
				);
				GCC_WARN_64_TO_32_BIT_CONVERSION = YES;
				GCC_WARN_ABOUT_RETURN_TYPE = YES_ERROR;
				GCC_WARN_UNDECLARED_SELECTOR = YES;
				GCC_WARN_UNINITIALIZED_AUTOS = YES_AGGRESSIVE;
				GCC_WARN_UNUSED_FUNCTION = YES;
				GCC_WARN_UNUSED_VARIABLE = YES;
				IPHONEOS_DEPLOYMENT_TARGET = 14.1;
				MTL_ENABLE_DEBUG_INFO = INCLUDE_SOURCE;
				MTL_FAST_MATH = YES;
				ONLY_ACTIVE_ARCH = YES;
				SDKROOT = iphoneos;
				SWIFT_ACTIVE_COMPILATION_CONDITIONS = DEBUG;
				SWIFT_OPTIMIZATION_LEVEL = "-Onone";
			};
			name = Debug;
		};
		3E6AB81426CC5ED500DF9A11 /* Release */ = {
			isa = XCBuildConfiguration;
			buildSettings = {
				ALWAYS_SEARCH_USER_PATHS = NO;
				CLANG_ANALYZER_NONNULL = YES;
				CLANG_ANALYZER_NUMBER_OBJECT_CONVERSION = YES_AGGRESSIVE;
				CLANG_CXX_LANGUAGE_STANDARD = "gnu++14";
				CLANG_CXX_LIBRARY = "libc++";
				CLANG_ENABLE_MODULES = YES;
				CLANG_ENABLE_OBJC_ARC = YES;
				CLANG_ENABLE_OBJC_WEAK = YES;
				CLANG_WARN_BLOCK_CAPTURE_AUTORELEASING = YES;
				CLANG_WARN_BOOL_CONVERSION = YES;
				CLANG_WARN_COMMA = YES;
				CLANG_WARN_CONSTANT_CONVERSION = YES;
				CLANG_WARN_DEPRECATED_OBJC_IMPLEMENTATIONS = YES;
				CLANG_WARN_DIRECT_OBJC_ISA_USAGE = YES_ERROR;
				CLANG_WARN_DOCUMENTATION_COMMENTS = YES;
				CLANG_WARN_EMPTY_BODY = YES;
				CLANG_WARN_ENUM_CONVERSION = YES;
				CLANG_WARN_INFINITE_RECURSION = YES;
				CLANG_WARN_INT_CONVERSION = YES;
				CLANG_WARN_NON_LITERAL_NULL_CONVERSION = YES;
				CLANG_WARN_OBJC_IMPLICIT_RETAIN_SELF = YES;
				CLANG_WARN_OBJC_LITERAL_CONVERSION = YES;
				CLANG_WARN_OBJC_ROOT_CLASS = YES_ERROR;
				CLANG_WARN_QUOTED_INCLUDE_IN_FRAMEWORK_HEADER = YES;
				CLANG_WARN_RANGE_LOOP_ANALYSIS = YES;
				CLANG_WARN_STRICT_PROTOTYPES = YES;
				CLANG_WARN_SUSPICIOUS_MOVE = YES;
				CLANG_WARN_UNGUARDED_AVAILABILITY = YES_AGGRESSIVE;
				CLANG_WARN_UNREACHABLE_CODE = YES;
				CLANG_WARN__DUPLICATE_METHOD_MATCH = YES;
				COPY_PHASE_STRIP = NO;
				DEBUG_INFORMATION_FORMAT = "dwarf-with-dsym";
				ENABLE_NS_ASSERTIONS = NO;
				ENABLE_STRICT_OBJC_MSGSEND = YES;
				GCC_C_LANGUAGE_STANDARD = gnu11;
				GCC_NO_COMMON_BLOCKS = YES;
				GCC_WARN_64_TO_32_BIT_CONVERSION = YES;
				GCC_WARN_ABOUT_RETURN_TYPE = YES_ERROR;
				GCC_WARN_UNDECLARED_SELECTOR = YES;
				GCC_WARN_UNINITIALIZED_AUTOS = YES_AGGRESSIVE;
				GCC_WARN_UNUSED_FUNCTION = YES;
				GCC_WARN_UNUSED_VARIABLE = YES;
				IPHONEOS_DEPLOYMENT_TARGET = 14.1;
				MTL_ENABLE_DEBUG_INFO = NO;
				MTL_FAST_MATH = YES;
				SDKROOT = iphoneos;
				SWIFT_COMPILATION_MODE = wholemodule;
				SWIFT_OPTIMIZATION_LEVEL = "-O";
				VALIDATE_PRODUCT = YES;
			};
			name = Release;
		};
		3E6AB81626CC5ED500DF9A11 /* Debug */ = {
			isa = XCBuildConfiguration;
			baseConfigurationReference = F73FE2A454D4947730BF9339 /* Pods-CodeWarsTracker.debug.xcconfig */;
			buildSettings = {
				ASSETCATALOG_COMPILER_APPICON_NAME = AppIcon;
				ASSETCATALOG_COMPILER_GLOBAL_ACCENT_COLOR_NAME = AccentColor;
				CODE_SIGN_STYLE = Automatic;
				DEVELOPMENT_TEAM = 6UA5RNM528;
				INFOPLIST_FILE = CodeWarsTracker/Info.plist;
				LD_RUNPATH_SEARCH_PATHS = (
					"$(inherited)",
					"@executable_path/Frameworks",
				);
				PRODUCT_BUNDLE_IDENTIFIER = org.pursuit.CodeWars;
				PRODUCT_NAME = "$(TARGET_NAME)";
				SWIFT_VERSION = 5.0;
				TARGETED_DEVICE_FAMILY = "1,2";
			};
			name = Debug;
		};
		3E6AB81726CC5ED500DF9A11 /* Release */ = {
			isa = XCBuildConfiguration;
			baseConfigurationReference = 153DABD380619AAA2DD4864F /* Pods-CodeWarsTracker.release.xcconfig */;
			buildSettings = {
				ASSETCATALOG_COMPILER_APPICON_NAME = AppIcon;
				ASSETCATALOG_COMPILER_GLOBAL_ACCENT_COLOR_NAME = AccentColor;
				CODE_SIGN_STYLE = Automatic;
				DEVELOPMENT_TEAM = 6UA5RNM528;
				INFOPLIST_FILE = CodeWarsTracker/Info.plist;
				LD_RUNPATH_SEARCH_PATHS = (
					"$(inherited)",
					"@executable_path/Frameworks",
				);
				PRODUCT_BUNDLE_IDENTIFIER = org.pursuit.CodeWars;
				PRODUCT_NAME = "$(TARGET_NAME)";
				SWIFT_VERSION = 5.0;
				TARGETED_DEVICE_FAMILY = "1,2";
			};
			name = Release;
		};
		3E6AB81926CC5ED500DF9A11 /* Debug */ = {
			isa = XCBuildConfiguration;
			baseConfigurationReference = D354AC7882F44AB5E962EEF9 /* Pods-CodeWarsTrackerTests.debug.xcconfig */;
			buildSettings = {
				ALWAYS_EMBED_SWIFT_STANDARD_LIBRARIES = YES;
				BUNDLE_LOADER = "$(TEST_HOST)";
				CODE_SIGN_STYLE = Automatic;
				DEVELOPMENT_TEAM = 6UA5RNM528;
				INFOPLIST_FILE = CodeWarsTrackerTests/Info.plist;
				IPHONEOS_DEPLOYMENT_TARGET = 14.1;
				LD_RUNPATH_SEARCH_PATHS = (
					"$(inherited)",
					"@executable_path/Frameworks",
					"@loader_path/Frameworks",
				);
				PRODUCT_BUNDLE_IDENTIFIER = org.pursuit.CodeWarsTrackerTests;
				PRODUCT_NAME = "$(TARGET_NAME)";
				SWIFT_VERSION = 5.0;
				TARGETED_DEVICE_FAMILY = "1,2";
				TEST_HOST = "$(BUILT_PRODUCTS_DIR)/CodeWarsTracker.app/CodeWarsTracker";
			};
			name = Debug;
		};
		3E6AB81A26CC5ED500DF9A11 /* Release */ = {
			isa = XCBuildConfiguration;
			baseConfigurationReference = F6D8733F5C605B29BD1CDBB7 /* Pods-CodeWarsTrackerTests.release.xcconfig */;
			buildSettings = {
				ALWAYS_EMBED_SWIFT_STANDARD_LIBRARIES = YES;
				BUNDLE_LOADER = "$(TEST_HOST)";
				CODE_SIGN_STYLE = Automatic;
				DEVELOPMENT_TEAM = 6UA5RNM528;
				INFOPLIST_FILE = CodeWarsTrackerTests/Info.plist;
				IPHONEOS_DEPLOYMENT_TARGET = 14.1;
				LD_RUNPATH_SEARCH_PATHS = (
					"$(inherited)",
					"@executable_path/Frameworks",
					"@loader_path/Frameworks",
				);
				PRODUCT_BUNDLE_IDENTIFIER = org.pursuit.CodeWarsTrackerTests;
				PRODUCT_NAME = "$(TARGET_NAME)";
				SWIFT_VERSION = 5.0;
				TARGETED_DEVICE_FAMILY = "1,2";
				TEST_HOST = "$(BUILT_PRODUCTS_DIR)/CodeWarsTracker.app/CodeWarsTracker";
			};
			name = Release;
		};
		3E6AB81C26CC5ED500DF9A11 /* Debug */ = {
			isa = XCBuildConfiguration;
			baseConfigurationReference = E1764549936F4EACD3D0E770 /* Pods-CodeWarsTracker-CodeWarsTrackerUITests.debug.xcconfig */;
			buildSettings = {
				ALWAYS_EMBED_SWIFT_STANDARD_LIBRARIES = YES;
				CODE_SIGN_STYLE = Automatic;
				DEVELOPMENT_TEAM = 6UA5RNM528;
				INFOPLIST_FILE = CodeWarsTrackerUITests/Info.plist;
				LD_RUNPATH_SEARCH_PATHS = (
					"$(inherited)",
					"@executable_path/Frameworks",
					"@loader_path/Frameworks",
				);
				PRODUCT_BUNDLE_IDENTIFIER = org.pursuit.CodeWarsTrackerUITests;
				PRODUCT_NAME = "$(TARGET_NAME)";
				SWIFT_VERSION = 5.0;
				TARGETED_DEVICE_FAMILY = "1,2";
				TEST_TARGET_NAME = CodeWarsTracker;
			};
			name = Debug;
		};
		3E6AB81D26CC5ED500DF9A11 /* Release */ = {
			isa = XCBuildConfiguration;
			baseConfigurationReference = 0800489AE4D2EDAF06BEAD98 /* Pods-CodeWarsTracker-CodeWarsTrackerUITests.release.xcconfig */;
			buildSettings = {
				ALWAYS_EMBED_SWIFT_STANDARD_LIBRARIES = YES;
				CODE_SIGN_STYLE = Automatic;
				DEVELOPMENT_TEAM = 6UA5RNM528;
				INFOPLIST_FILE = CodeWarsTrackerUITests/Info.plist;
				LD_RUNPATH_SEARCH_PATHS = (
					"$(inherited)",
					"@executable_path/Frameworks",
					"@loader_path/Frameworks",
				);
				PRODUCT_BUNDLE_IDENTIFIER = org.pursuit.CodeWarsTrackerUITests;
				PRODUCT_NAME = "$(TARGET_NAME)";
				SWIFT_VERSION = 5.0;
				TARGETED_DEVICE_FAMILY = "1,2";
				TEST_TARGET_NAME = CodeWarsTracker;
			};
			name = Release;
		};
/* End XCBuildConfiguration section */

/* Begin XCConfigurationList section */
		3E6AB7E626CC5ECF00DF9A11 /* Build configuration list for PBXProject "CodeWarsTracker" */ = {
			isa = XCConfigurationList;
			buildConfigurations = (
				3E6AB81326CC5ED500DF9A11 /* Debug */,
				3E6AB81426CC5ED500DF9A11 /* Release */,
			);
			defaultConfigurationIsVisible = 0;
			defaultConfigurationName = Release;
		};
		3E6AB81526CC5ED500DF9A11 /* Build configuration list for PBXNativeTarget "CodeWarsTracker" */ = {
			isa = XCConfigurationList;
			buildConfigurations = (
				3E6AB81626CC5ED500DF9A11 /* Debug */,
				3E6AB81726CC5ED500DF9A11 /* Release */,
			);
			defaultConfigurationIsVisible = 0;
			defaultConfigurationName = Release;
		};
		3E6AB81826CC5ED500DF9A11 /* Build configuration list for PBXNativeTarget "CodeWarsTrackerTests" */ = {
			isa = XCConfigurationList;
			buildConfigurations = (
				3E6AB81926CC5ED500DF9A11 /* Debug */,
				3E6AB81A26CC5ED500DF9A11 /* Release */,
			);
			defaultConfigurationIsVisible = 0;
			defaultConfigurationName = Release;
		};
		3E6AB81B26CC5ED500DF9A11 /* Build configuration list for PBXNativeTarget "CodeWarsTrackerUITests" */ = {
			isa = XCConfigurationList;
			buildConfigurations = (
				3E6AB81C26CC5ED500DF9A11 /* Debug */,
				3E6AB81D26CC5ED500DF9A11 /* Release */,
			);
			defaultConfigurationIsVisible = 0;
			defaultConfigurationName = Release;
		};
/* End XCConfigurationList section */
	};
	rootObject = 3E6AB7E326CC5ECF00DF9A11 /* Project object */;
}
