PODS:
  - DropDown (2.3.13)
  - SnapKit (5.0.1)

DEPENDENCIES:
  - DropDown
  - SnapKit

SPEC REPOS:
  trunk:
    - DropDown
    - SnapKit

SPEC CHECKSUMS:
  DropDown: 8a2116376c1981888557f72ec2ffc9a5e0e456ec
  SnapKit: 97b92857e3df3a0c71833cce143274bf6ef8e5eb

PODFILE CHECKSUM: 3f60249066f4e2d40bf0d76e60e3fd25654a45d1

COCOAPODS: 1.9.0
